
Microsoft Visual Studio Solution File, Format Version 12.00
# Visual Studio Version 16
VisualStudioVersion = 16.0.31321.278
MinimumVisualStudioVersion = 10.0.40219.1
Project("{FAE04EC0-301F-11D3-BF4B-00C04F79EFBC}") = "Bingo Casino.UWP", "Bingo Casino.UWP\Bingo Casino.UWP.csproj", "{61A085BF-0844-4A4A-B04F-02C41D31F813}"
EndProject
Project("{FAE04EC0-301F-11D3-BF4B-00C04F79EFBC}") = "Bingo Casino.Android", "Bingo Casino.Android\Bingo Casino.Android.csproj", "{027E0DD5-7579-4F3D-9425-1A0069041CE7}"
EndProject
Project("{FAE04EC0-301F-11D3-BF4B-00C04F79EFBC}") = "Bingo Casino.iOS", "Bingo Casino.iOS\Bingo Casino.iOS.csproj", "{6B584D7D-9D21-47E0-9D01-340997718C3E}"
EndProject
Project("{9A19103F-16F7-4668-BE54-9A1E7A4F7556}") = "Bingo Casino", "Bingo Casino\Bingo Casino.csproj", "{072BC3BB-5164-4194-8A7E-779444E25FEA}"
EndProject
Project("{2150E333-8FDC-42A3-9474-1A3956D46DE8}") = "Solution Items", "Solution Items", "{F891881D-D560-4FDA-9ADF-4F043FDD43E3}"
	ProjectSection(SolutionItems) = preProject
		.editorconfig = .editorconfig
	EndProjectSection
EndProject
Global
	GlobalSection(SolutionConfigurationPlatforms) = preSolution
		Debug|Any CPU = Debug|Any CPU
		Debug|ARM = Debug|ARM
		Debug|iPhone = Debug|iPhone
		Debug|iPhoneSimulator = Debug|iPhoneSimulator
		Debug|x64 = Debug|x64
		Debug|x86 = Debug|x86
		Release|Any CPU = Release|Any CPU
		Release|ARM = Release|ARM
		Release|iPhone = Release|iPhone
		Release|iPhoneSimulator = Release|iPhoneSimulator
		Release|x64 = Release|x64
		Release|x86 = Release|x86
	EndGlobalSection
	GlobalSection(ProjectConfigurationPlatforms) = postSolution
		{61A085BF-0844-4A4A-B04F-02C41D31F813}.Debug|Any CPU.ActiveCfg = Debug|x86
		{61A085BF-0844-4A4A-B04F-02C41D31F813}.Debug|Any CPU.Build.0 = Debug|x86
		{61A085BF-0844-4A4A-B04F-02C41D31F813}.Debug|Any CPU.Deploy.0 = Debug|x86
		{61A085BF-0844-4A4A-B04F-02C41D31F813}.Debug|ARM.ActiveCfg = Debug|ARM
		{61A085BF-0844-4A4A-B04F-02C41D31F813}.Debug|ARM.Build.0 = Debug|ARM
		{61A085BF-0844-4A4A-B04F-02C41D31F813}.Debug|ARM.Deploy.0 = Debug|ARM
		{61A085BF-0844-4A4A-B04F-02C41D31F813}.Debug|iPhone.ActiveCfg = Debug|x86
		{61A085BF-0844-4A4A-B04F-02C41D31F813}.Debug|iPhone.Build.0 = Debug|x86
		{61A085BF-0844-4A4A-B04F-02C41D31F813}.Debug|iPhone.Deploy.0 = Debug|x86
		{61A085BF-0844-4A4A-B04F-02C41D31F813}.Debug|iPhoneSimulator.ActiveCfg = Debug|x86
		{61A085BF-0844-4A4A-B04F-02C41D31F813}.Debug|iPhoneSimulator.Build.0 = Debug|x86
		{61A085BF-0844-4A4A-B04F-02C41D31F813}.Debug|iPhoneSimulator.Deploy.0 = Debug|x86
		{61A085BF-0844-4A4A-B04F-02C41D31F813}.Debug|x64.ActiveCfg = Debug|x64
		{61A085BF-0844-4A4A-B04F-02C41D31F813}.Debug|x64.Build.0 = Debug|x64
		{61A085BF-0844-4A4A-B04F-02C41D31F813}.Debug|x64.Deploy.0 = Debug|x64
		{61A085BF-0844-4A4A-B04F-02C41D31F813}.Debug|x86.ActiveCfg = Debug|x86
		{61A085BF-0844-4A4A-B04F-02C41D31F813}.Debug|x86.Build.0 = Debug|x86
		{61A085BF-0844-4A4A-B04F-02C41D31F813}.Debug|x86.Deploy.0 = Debug|x86
		{61A085BF-0844-4A4A-B04F-02C41D31F813}.Release|Any CPU.ActiveCfg = Release|x86
		{61A085BF-0844-4A4A-B04F-02C41D31F813}.Release|Any CPU.Build.0 = Release|x86
		{61A085BF-0844-4A4A-B04F-02C41D31F813}.Release|Any CPU.Deploy.0 = Release|x86
		{61A085BF-0844-4A4A-B04F-02C41D31F813}.Release|ARM.ActiveCfg = Release|ARM
		{61A085BF-0844-4A4A-B04F-02C41D31F813}.Release|ARM.Build.0 = Release|ARM
		{61A085BF-0844-4A4A-B04F-02C41D31F813}.Release|ARM.Deploy.0 = Release|ARM
		{61A085BF-0844-4A4A-B04F-02C41D31F813}.Release|iPhone.ActiveCfg = Release|x86
		{61A085BF-0844-4A4A-B04F-02C41D31F813}.Release|iPhone.Build.0 = Release|x86
		{61A085BF-0844-4A4A-B04F-02C41D31F813}.Release|iPhone.Deploy.0 = Release|x86
		{61A085BF-0844-4A4A-B04F-02C41D31F813}.Release|iPhoneSimulator.ActiveCfg = Release|x86
		{61A085BF-0844-4A4A-B04F-02C41D31F813}.Release|iPhoneSimulator.Build.0 = Release|x86
		{61A085BF-0844-4A4A-B04F-02C41D31F813}.Release|iPhoneSimulator.Deploy.0 = Release|x86
		{61A085BF-0844-4A4A-B04F-02C41D31F813}.Release|x64.ActiveCfg = Release|x64
		{61A085BF-0844-4A4A-B04F-02C41D31F813}.Release|x64.Build.0 = Release|x64
		{61A085BF-0844-4A4A-B04F-02C41D31F813}.Release|x64.Deploy.0 = Release|x64
		{61A085BF-0844-4A4A-B04F-02C41D31F813}.Release|x86.ActiveCfg = Release|x86
		{61A085BF-0844-4A4A-B04F-02C41D31F813}.Release|x86.Build.0 = Release|x86
		{61A085BF-0844-4A4A-B04F-02C41D31F813}.Release|x86.Deploy.0 = Release|x86
		{027E0DD5-7579-4F3D-9425-1A0069041CE7}.Debug|Any CPU.ActiveCfg = Debug|Any CPU
		{027E0DD5-7579-4F3D-9425-1A0069041CE7}.Debug|Any CPU.Build.0 = Debug|Any CPU
		{027E0DD5-7579-4F3D-9425-1A0069041CE7}.Debug|Any CPU.Deploy.0 = Debug|Any CPU
		{027E0DD5-7579-4F3D-9425-1A0069041CE7}.Debug|ARM.ActiveCfg = Debug|Any CPU
		{027E0DD5-7579-4F3D-9425-1A0069041CE7}.Debug|ARM.Build.0 = Debug|Any CPU
		{027E0DD5-7579-4F3D-9425-1A0069041CE7}.Debug|ARM.Deploy.0 = Debug|Any CPU
		{027E0DD5-7579-4F3D-9425-1A0069041CE7}.Debug|iPhone.ActiveCfg = Debug|Any CPU
		{027E0DD5-7579-4F3D-9425-1A0069041CE7}.Debug|iPhone.Build.0 = Debug|Any CPU
		{027E0DD5-7579-4F3D-9425-1A0069041CE7}.Debug|iPhone.Deploy.0 = Debug|Any CPU
		{027E0DD5-7579-4F3D-9425-1A0069041CE7}.Debug|iPhoneSimulator.ActiveCfg = Debug|Any CPU
		{027E0DD5-7579-4F3D-9425-1A0069041CE7}.Debug|iPhoneSimulator.Build.0 = Debug|Any CPU
		{027E0DD5-7579-4F3D-9425-1A0069041CE7}.Debug|iPhoneSimulator.Deploy.0 = Debug|Any CPU
		{027E0DD5-7579-4F3D-9425-1A0069041CE7}.Debug|x64.ActiveCfg = Debug|Any CPU
		{027E0DD5-7579-4F3D-9425-1A0069041CE7}.Debug|x64.Build.0 = Debug|Any CPU
		{027E0DD5-7579-4F3D-9425-1A0069041CE7}.Debug|x64.Deploy.0 = Debug|Any CPU
		{027E0DD5-7579-4F3D-9425-1A0069041CE7}.Debug|x86.ActiveCfg = Debug|Any CPU
		{027E0DD5-7579-4F3D-9425-1A0069041CE7}.Debug|x86.Build.0 = Debug|Any CPU
		{027E0DD5-7579-4F3D-9425-1A0069041CE7}.Debug|x86.Deploy.0 = Debug|Any CPU
		{027E0DD5-7579-4F3D-9425-1A0069041CE7}.Release|Any CPU.ActiveCfg = Release|Any CPU
		{027E0DD5-7579-4F3D-9425-1A0069041CE7}.Release|Any CPU.Build.0 = Release|Any CPU
		{027E0DD5-7579-4F3D-9425-1A0069041CE7}.Release|Any CPU.Deploy.0 = Release|Any CPU
		{027E0DD5-7579-4F3D-9425-1A0069041CE7}.Release|ARM.ActiveCfg = Release|Any CPU
		{027E0DD5-7579-4F3D-9425-1A0069041CE7}.Release|ARM.Build.0 = Release|Any CPU
		{027E0DD5-7579-4F3D-9425-1A0069041CE7}.Release|ARM.Deploy.0 = Release|Any CPU
		{027E0DD5-7579-4F3D-9425-1A0069041CE7}.Release|iPhone.ActiveCfg = Release|Any CPU
		{027E0DD5-7579-4F3D-9425-1A0069041CE7}.Release|iPhone.Build.0 = Release|Any CPU
		{027E0DD5-7579-4F3D-9425-1A0069041CE7}.Release|iPhone.Deploy.0 = Release|Any CPU
		{027E0DD5-7579-4F3D-9425-1A0069041CE7}.Release|iPhoneSimulator.ActiveCfg = Release|Any CPU
		{027E0DD5-7579-4F3D-9425-1A0069041CE7}.Release|iPhoneSimulator.Build.0 = Release|Any CPU
		{027E0DD5-7579-4F3D-9425-1A0069041CE7}.Release|iPhoneSimulator.Deploy.0 = Release|Any CPU
		{027E0DD5-7579-4F3D-9425-1A0069041CE7}.Release|x64.ActiveCfg = Release|Any CPU
		{027E0DD5-7579-4F3D-9425-1A0069041CE7}.Release|x64.Build.0 = Release|Any CPU
		{027E0DD5-7579-4F3D-9425-1A0069041CE7}.Release|x64.Deploy.0 = Release|Any CPU
		{027E0DD5-7579-4F3D-9425-1A0069041CE7}.Release|x86.ActiveCfg = Release|Any CPU
		{027E0DD5-7579-4F3D-9425-1A0069041CE7}.Release|x86.Build.0 = Release|Any CPU
		{027E0DD5-7579-4F3D-9425-1A0069041CE7}.Release|x86.Deploy.0 = Release|Any CPU
		{6B584D7D-9D21-47E0-9D01-340997718C3E}.Debug|Any CPU.ActiveCfg = Debug|iPhoneSimulator
		{6B584D7D-9D21-47E0-9D01-340997718C3E}.Debug|Any CPU.Build.0 = Debug|iPhoneSimulator
		{6B584D7D-9D21-47E0-9D01-340997718C3E}.Debug|Any CPU.Deploy.0 = Debug|iPhoneSimulator
		{6B584D7D-9D21-47E0-9D01-340997718C3E}.Debug|ARM.ActiveCfg = Debug|iPhone
		{6B584D7D-9D21-47E0-9D01-340997718C3E}.Debug|ARM.Build.0 = Debug|iPhone
		{6B584D7D-9D21-47E0-9D01-340997718C3E}.Debug|ARM.Deploy.0 = Debug|iPhone
		{6B584D7D-9D21-47E0-9D01-340997718C3E}.Debug|iPhone.ActiveCfg = Debug|iPhone
		{6B584D7D-9D21-47E0-9D01-340997718C3E}.Debug|iPhone.Build.0 = Debug|iPhone
		{6B584D7D-9D21-47E0-9D01-340997718C3E}.Debug|iPhone.Deploy.0 = Debug|iPhone
		{6B584D7D-9D21-47E0-9D01-340997718C3E}.Debug|iPhoneSimulator.ActiveCfg = Debug|iPhoneSimulator
		{6B584D7D-9D21-47E0-9D01-340997718C3E}.Debug|iPhoneSimulator.Build.0 = Debug|iPhoneSimulator
		{6B584D7D-9D21-47E0-9D01-340997718C3E}.Debug|iPhoneSimulator.Deploy.0 = Debug|iPhoneSimulator
		{6B584D7D-9D21-47E0-9D01-340997718C3E}.Debug|x64.ActiveCfg = Debug|iPhoneSimulator
		{6B584D7D-9D21-47E0-9D01-340997718C3E}.Debug|x64.Build.0 = Debug|iPhoneSimulator
		{6B584D7D-9D21-47E0-9D01-340997718C3E}.Debug|x64.Deploy.0 = Debug|iPhoneSimulator
		{6B584D7D-9D21-47E0-9D01-340997718C3E}.Debug|x86.ActiveCfg = Debug|iPhoneSimulator
		{6B584D7D-9D21-47E0-9D01-340997718C3E}.Debug|x86.Build.0 = Debug|iPhoneSimulator
		{6B584D7D-9D21-47E0-9D01-340997718C3E}.Debug|x86.Deploy.0 = Debug|iPhoneSimulator
		{6B584D7D-9D21-47E0-9D01-340997718C3E}.Release|Any CPU.ActiveCfg = Release|iPhoneSimulator
		{6B584D7D-9D21-47E0-9D01-340997718C3E}.Release|Any CPU.Build.0 = Release|iPhoneSimulator
		{6B584D7D-9D21-47E0-9D01-340997718C3E}.Release|Any CPU.Deploy.0 = Release|iPhoneSimulator
		{6B584D7D-9D21-47E0-9D01-340997718C3E}.Release|ARM.ActiveCfg = Release|iPhoneSimulator
		{6B584D7D-9D21-47E0-9D01-340997718C3E}.Release|ARM.Build.0 = Release|iPhoneSimulator
		{6B584D7D-9D21-47E0-9D01-340997718C3E}.Release|ARM.Deploy.0 = Release|iPhoneSimulator
		{6B584D7D-9D21-47E0-9D01-340997718C3E}.Release|iPhone.ActiveCfg = Release|iPhone
		{6B584D7D-9D21-47E0-9D01-340997718C3E}.Release|iPhone.Build.0 = Release|iPhone
		{6B584D7D-9D21-47E0-9D01-340997718C3E}.Release|iPhone.Deploy.0 = Release|iPhone
		{6B584D7D-9D21-47E0-9D01-340997718C3E}.Release|iPhoneSimulator.ActiveCfg = Release|iPhoneSimulator
		{6B584D7D-9D21-47E0-9D01-340997718C3E}.Release|iPhoneSimulator.Build.0 = Release|iPhoneSimulator
		{6B584D7D-9D21-47E0-9D01-340997718C3E}.Release|iPhoneSimulator.Deploy.0 = Release|iPhoneSimulator
		{6B584D7D-9D21-47E0-9D01-340997718C3E}.Release|x64.ActiveCfg = Release|iPhoneSimulator
		{6B584D7D-9D21-47E0-9D01-340997718C3E}.Release|x64.Build.0 = Release|iPhoneSimulator
		{6B584D7D-9D21-47E0-9D01-340997718C3E}.Release|x64.Deploy.0 = Release|iPhoneSimulator
		{6B584D7D-9D21-47E0-9D01-340997718C3E}.Release|x86.ActiveCfg = Release|iPhoneSimulator
		{6B584D7D-9D21-47E0-9D01-340997718C3E}.Release|x86.Build.0 = Release|iPhoneSimulator
		{6B584D7D-9D21-47E0-9D01-340997718C3E}.Release|x86.Deploy.0 = Release|iPhoneSimulator
		{072BC3BB-5164-4194-8A7E-779444E25FEA}.Debug|Any CPU.ActiveCfg = Debug|Any CPU
		{072BC3BB-5164-4194-8A7E-779444E25FEA}.Debug|Any CPU.Build.0 = Debug|Any CPU
		{072BC3BB-5164-4194-8A7E-779444E25FEA}.Debug|Any CPU.Deploy.0 = Debug|Any CPU
		{072BC3BB-5164-4194-8A7E-779444E25FEA}.Debug|ARM.ActiveCfg = Debug|Any CPU
		{072BC3BB-5164-4194-8A7E-779444E25FEA}.Debug|ARM.Build.0 = Debug|Any CPU
		{072BC3BB-5164-4194-8A7E-779444E25FEA}.Debug|ARM.Deploy.0 = Debug|Any CPU
		{072BC3BB-5164-4194-8A7E-779444E25FEA}.Debug|iPhone.ActiveCfg = Debug|Any CPU
		{072BC3BB-5164-4194-8A7E-779444E25FEA}.Debug|iPhone.Build.0 = Debug|Any CPU
		{072BC3BB-5164-4194-8A7E-779444E25FEA}.Debug|iPhone.Deploy.0 = Debug|Any CPU
		{072BC3BB-5164-4194-8A7E-779444E25FEA}.Debug|iPhoneSimulator.ActiveCfg = Debug|Any CPU
		{072BC3BB-5164-4194-8A7E-779444E25FEA}.Debug|iPhoneSimulator.Build.0 = Debug|Any CPU
		{072BC3BB-5164-4194-8A7E-779444E25FEA}.Debug|iPhoneSimulator.Deploy.0 = Debug|Any CPU
		{072BC3BB-5164-4194-8A7E-779444E25FEA}.Debug|x64.ActiveCfg = Debug|Any CPU
		{072BC3BB-5164-4194-8A7E-779444E25FEA}.Debug|x64.Build.0 = Debug|Any CPU
		{072BC3BB-5164-4194-8A7E-779444E25FEA}.Debug|x64.Deploy.0 = Debug|Any CPU
		{072BC3BB-5164-4194-8A7E-779444E25FEA}.Debug|x86.ActiveCfg = Debug|Any CPU
		{072BC3BB-5164-4194-8A7E-779444E25FEA}.Debug|x86.Build.0 = Debug|Any CPU
		{072BC3BB-5164-4194-8A7E-779444E25FEA}.Debug|x86.Deploy.0 = Debug|Any CPU
		{072BC3BB-5164-4194-8A7E-779444E25FEA}.Release|Any CPU.ActiveCfg = Release|Any CPU
		{072BC3BB-5164-4194-8A7E-779444E25FEA}.Release|Any CPU.Build.0 = Release|Any CPU
		{072BC3BB-5164-4194-8A7E-779444E25FEA}.Release|Any CPU.Deploy.0 = Release|Any CPU
		{072BC3BB-5164-4194-8A7E-779444E25FEA}.Release|ARM.ActiveCfg = Release|Any CPU
		{072BC3BB-5164-4194-8A7E-779444E25FEA}.Release|ARM.Build.0 = Release|Any CPU
		{072BC3BB-5164-4194-8A7E-779444E25FEA}.Release|ARM.Deploy.0 = Release|Any CPU
		{072BC3BB-5164-4194-8A7E-779444E25FEA}.Release|iPhone.ActiveCfg = Release|Any CPU
		{072BC3BB-5164-4194-8A7E-779444E25FEA}.Release|iPhone.Build.0 = Release|Any CPU
		{072BC3BB-5164-4194-8A7E-779444E25FEA}.Release|iPhone.Deploy.0 = Release|Any CPU
		{072BC3BB-5164-4194-8A7E-779444E25FEA}.Release|iPhoneSimulator.ActiveCfg = Release|Any CPU
		{072BC3BB-5164-4194-8A7E-779444E25FEA}.Release|iPhoneSimulator.Build.0 = Release|Any CPU
		{072BC3BB-5164-4194-8A7E-779444E25FEA}.Release|iPhoneSimulator.Deploy.0 = Release|Any CPU
		{072BC3BB-5164-4194-8A7E-779444E25FEA}.Release|x64.ActiveCfg = Release|Any CPU
		{072BC3BB-5164-4194-8A7E-779444E25FEA}.Release|x64.Build.0 = Release|Any CPU
		{072BC3BB-5164-4194-8A7E-779444E25FEA}.Release|x64.Deploy.0 = Release|Any CPU
		{072BC3BB-5164-4194-8A7E-779444E25FEA}.Release|x86.ActiveCfg = Release|Any CPU
		{072BC3BB-5164-4194-8A7E-779444E25FEA}.Release|x86.Build.0 = Release|Any CPU
		{072BC3BB-5164-4194-8A7E-779444E25FEA}.Release|x86.Deploy.0 = Release|Any CPU
	EndGlobalSection
	GlobalSection(SolutionProperties) = preSolution
		HideSolutionNode = FALSE
	EndGlobalSection
	GlobalSection(ExtensibilityGlobals) = postSolution
		SolutionGuid = {7CB3D2DC-EA1A-42FD-9395-8A5F325060EE}
	EndGlobalSection
EndGlobal
